
Microsoft Visual Studio Solution File, Format Version 12.00
# Visual Studio Version 17
VisualStudioVersion = 17.3.32929.385
MinimumVisualStudioVersion = 10.0.40219.1
Project("{888888A0-9F3D-457C-B088-3A5042F75D52}") = "HRAnalytics", "HRAnalytics.pyproj", "{68D0BFF4-FB01-4355-9101-B90396E2B640}"
EndProject
Global
	GlobalSection(SolutionConfigurationPlatforms) = preSolution
		Debug|Any CPU = Debug|Any CPU
		Release|Any CPU = Release|Any CPU
	EndGlobalSection
	GlobalSection(ProjectConfigurationPlatforms) = postSolution
		{68D0BFF4-FB01-4355-9101-B90396E2B640}.Debug|Any CPU.ActiveCfg = Debug|Any CPU
		{68D0BFF4-FB01-4355-9101-B90396E2B640}.Debug|Any CPU.Build.0 = Debug|Any CPU
		{68D0BFF4-FB01-4355-9101-B90396E2B640}.Release|Any CPU.ActiveCfg = Release|Any CPU
		{68D0BFF4-FB01-4355-9101-B90396E2B640}.Release|Any CPU.Build.0 = Release|Any CPU
	EndGlobalSection
	GlobalSection(SolutionProperties) = preSolution
		HideSolutionNode = FALSE
	EndGlobalSection
	GlobalSection(ExtensibilityGlobals) = postSolution
		SolutionGuid = {EE86E354-F50A-458B-BF6D-7A10090C3299}
	EndGlobalSection
EndGlobal
